
Microsoft Visual Studio Solution File, Format Version 12.00
# Visual Studio Version 17
VisualStudioVersion = 17.6.33829.357
MinimumVisualStudioVersion = 10.0.40219.1
Project("{9A19103F-16F7-4668-BE54-9A1E7A4F7556}") = "Database_RelationShips", "Database_RelationShips.csproj", "{6EF08DC0-3D67-43A4-BBF6-C5B91C9EE1B9}"
EndProject
Global
	GlobalSection(SolutionConfigurationPlatforms) = preSolution
		Debug|Any CPU = Debug|Any CPU
		Release|Any CPU = Release|Any CPU
	EndGlobalSection
	GlobalSection(ProjectConfigurationPlatforms) = postSolution
		{6EF08DC0-3D67-43A4-BBF6-C5B91C9EE1B9}.Debug|Any CPU.ActiveCfg = Debug|Any CPU
		{6EF08DC0-3D67-43A4-BBF6-C5B91C9EE1B9}.Debug|Any CPU.Build.0 = Debug|Any CPU
		{6EF08DC0-3D67-43A4-BBF6-C5B91C9EE1B9}.Release|Any CPU.ActiveCfg = Release|Any CPU
		{6EF08DC0-3D67-43A4-BBF6-C5B91C9EE1B9}.Release|Any CPU.Build.0 = Release|Any CPU
	EndGlobalSection
	GlobalSection(SolutionProperties) = preSolution
		HideSolutionNode = FALSE
	EndGlobalSection
	GlobalSection(ExtensibilityGlobals) = postSolution
		SolutionGuid = {203CC746-E3D5-430E-B6F3-FA6086E72D25}
	EndGlobalSection
EndGlobal
